
Microsoft Visual Studio Solution File, Format Version 12.00
# Visual Studio 15
VisualStudioVersion = 15.0.28307.852
MinimumVisualStudioVersion = 10.0.40219.1
Project("{FAE04EC0-301F-11D3-BF4B-00C04F79EFBC}") = "exerEnum", "exerEnum\exerEnum.csproj", "{28CBF29F-6463-4EE4-9CBC-5847C9A8B55F}"
EndProject
Global
	GlobalSection(SolutionConfigurationPlatforms) = preSolution
		Debug|Any CPU = Debug|Any CPU
		Release|Any CPU = Release|Any CPU
	EndGlobalSection
	GlobalSection(ProjectConfigurationPlatforms) = postSolution
		{28CBF29F-6463-4EE4-9CBC-5847C9A8B55F}.Debug|Any CPU.ActiveCfg = Debug|Any CPU
		{28CBF29F-6463-4EE4-9CBC-5847C9A8B55F}.Debug|Any CPU.Build.0 = Debug|Any CPU
		{28CBF29F-6463-4EE4-9CBC-5847C9A8B55F}.Release|Any CPU.ActiveCfg = Release|Any CPU
		{28CBF29F-6463-4EE4-9CBC-5847C9A8B55F}.Release|Any CPU.Build.0 = Release|Any CPU
	EndGlobalSection
	GlobalSection(SolutionProperties) = preSolution
		HideSolutionNode = FALSE
	EndGlobalSection
	GlobalSection(ExtensibilityGlobals) = postSolution
		SolutionGuid = {21DED860-597A-4D04-B8E2-D785634D9770}
	EndGlobalSection
EndGlobal
